{
  "name": "Fillomino_Projekt",
  "version": "1.0.0",
  "lockfileVersion": 1,
  "requires": true,
  "dependencies": {
    "pzpr": {
      "version": "0.11.1",
      "resolved": "https://registry.npmjs.org/pzpr/-/pzpr-0.11.1.tgz",
      "integrity": "sha512-whME8dzOScxq8cV+YTFg984a4XfecIoGHal0gTKKMzD0UarctEh18tkVfNWaZ1xLeh479V56nnmEiylJud5xzQ==",
      "requires": {
        "pzpr-canvas": "^0.8.2"
      }
    },
    "pzpr-canvas": {
      "version": "0.8.2",
      "resolved": "https://registry.npmjs.org/pzpr-canvas/-/pzpr-canvas-0.8.2.tgz",
      "integrity": "sha512-rdhcl8MHGSNaK92evbEETAHqU71l/V7wA90PTM1eyoOTyH5l3Dnoim++KiR+bnSL9DLI7BUJM85IP91NgXZTLA=="
    }
  }
}
